// !$*UTF8*$!
{
	archiveVersion = 1;
	classes = {
	};
	objectVersion = 46;
	objects = {

/* Begin PBXBuildFile section */
		3198A0D11BA9F163001BCA77 /* LoadAnimalOperation.swift in Sources */ = {isa = PBXBuildFile; fileRef = 3198A0D01BA9F163001BCA77 /* LoadAnimalOperation.swift */; };
		C7B7F8691BA778A200621E1E /* AppDelegate.swift in Sources */ = {isa = PBXBuildFile; fileRef = C7B7F8681BA778A200621E1E /* AppDelegate.swift */; };
		C7B7F86E1BA778A200621E1E /* Main.storyboard in Resources */ = {isa = PBXBuildFile; fileRef = C7B7F86C1BA778A200621E1E /* Main.storyboard */; };
		C7B7F8701BA778A200621E1E /* Assets.xcassets in Resources */ = {isa = PBXBuildFile; fileRef = C7B7F86F1BA778A200621E1E /* Assets.xcassets */; };
		C7B7F8731BA778A200621E1E /* LaunchScreen.storyboard in Resources */ = {isa = PBXBuildFile; fileRef = C7B7F8711BA778A200621E1E /* LaunchScreen.storyboard */; };
		C7B7F87E1BA778A200621E1E /* MySecondAppTests.swift in Sources */ = {isa = PBXBuildFile; fileRef = C7B7F87D1BA778A200621E1E /* MySecondAppTests.swift */; };
		C7B7F88F1BA77B2300621E1E /* TableViewController.swift in Sources */ = {isa = PBXBuildFile; fileRef = C7B7F88E1BA77B2300621E1E /* TableViewController.swift */; };
		C7B7F8911BA781B600621E1E /* ImaginaryAnimal.swift in Sources */ = {isa = PBXBuildFile; fileRef = C7B7F8901BA781B600621E1E /* ImaginaryAnimal.swift */; };
		C7B7F8931BA7882500621E1E /* AnimalsLoader.swift in Sources */ = {isa = PBXBuildFile; fileRef = C7B7F8921BA7882500621E1E /* AnimalsLoader.swift */; };
		C7B7F8951BA78B8800621E1E /* AnimalViewController.swift in Sources */ = {isa = PBXBuildFile; fileRef = C7B7F8941BA78B8800621E1E /* AnimalViewController.swift */; };
		C7B7F8971BA88D6900621E1E /* Animals.json in Resources */ = {isa = PBXBuildFile; fileRef = C7B7F8961BA88D6900621E1E /* Animals.json */; };
		E370D30E1BAB3E15002CBE98 /* TableViewControllerTests.swift in Sources */ = {isa = PBXBuildFile; fileRef = E370D30D1BAB3E15002CBE98 /* TableViewControllerTests.swift */; };
		E370D3141BAB4FE2002CBE98 /* URLImageView.swift in Sources */ = {isa = PBXBuildFile; fileRef = E370D3131BAB4FE2002CBE98 /* URLImageView.swift */; };
/* End PBXBuildFile section */

/* Begin PBXContainerItemProxy section */
		C7B7F87A1BA778A200621E1E /* PBXContainerItemProxy */ = {
			isa = PBXContainerItemProxy;
			containerPortal = C7B7F85D1BA778A200621E1E /* Project object */;
			proxyType = 1;
			remoteGlobalIDString = C7B7F8641BA778A200621E1E;
			remoteInfo = MySecondApp;
		};
/* End PBXContainerItemProxy section */

/* Begin PBXFileReference section */
		3198A0D01BA9F163001BCA77 /* LoadAnimalOperation.swift */ = {isa = PBXFileReference; fileEncoding = 4; lastKnownFileType = sourcecode.swift; path = LoadAnimalOperation.swift; sourceTree = "<group>"; };
		C7B7F8651BA778A200621E1E /* MySecondApp.app */ = {isa = PBXFileReference; explicitFileType = wrapper.application; includeInIndex = 0; path = MySecondApp.app; sourceTree = BUILT_PRODUCTS_DIR; };
		C7B7F8681BA778A200621E1E /* AppDelegate.swift */ = {isa = PBXFileReference; lastKnownFileType = sourcecode.swift; path = AppDelegate.swift; sourceTree = "<group>"; };
		C7B7F86D1BA778A200621E1E /* Base */ = {isa = PBXFileReference; lastKnownFileType = file.storyboard; name = Base; path = Base.lproj/Main.storyboard; sourceTree = "<group>"; };
		C7B7F86F1BA778A200621E1E /* Assets.xcassets */ = {isa = PBXFileReference; lastKnownFileType = folder.assetcatalog; path = Assets.xcassets; sourceTree = "<group>"; };
		C7B7F8721BA778A200621E1E /* Base */ = {isa = PBXFileReference; lastKnownFileType = file.storyboard; name = Base; path = Base.lproj/LaunchScreen.storyboard; sourceTree = "<group>"; };
		C7B7F8741BA778A200621E1E /* Info.plist */ = {isa = PBXFileReference; lastKnownFileType = text.plist.xml; path = Info.plist; sourceTree = "<group>"; };
		C7B7F8791BA778A200621E1E /* MySecondAppTests.xctest */ = {isa = PBXFileReference; explicitFileType = wrapper.cfbundle; includeInIndex = 0; path = MySecondAppTests.xctest; sourceTree = BUILT_PRODUCTS_DIR; };
		C7B7F87D1BA778A200621E1E /* MySecondAppTests.swift */ = {isa = PBXFileReference; lastKnownFileType = sourcecode.swift; path = MySecondAppTests.swift; sourceTree = "<group>"; };
		C7B7F87F1BA778A200621E1E /* Info.plist */ = {isa = PBXFileReference; lastKnownFileType = text.plist.xml; path = Info.plist; sourceTree = "<group>"; };
		C7B7F88E1BA77B2300621E1E /* TableViewController.swift */ = {isa = PBXFileReference; fileEncoding = 4; lastKnownFileType = sourcecode.swift; name = TableViewController.swift; path = ../TableViewController.swift; sourceTree = "<group>"; };
		C7B7F8901BA781B600621E1E /* ImaginaryAnimal.swift */ = {isa = PBXFileReference; fileEncoding = 4; lastKnownFileType = sourcecode.swift; path = ImaginaryAnimal.swift; sourceTree = "<group>"; };
		C7B7F8921BA7882500621E1E /* AnimalsLoader.swift */ = {isa = PBXFileReference; fileEncoding = 4; lastKnownFileType = sourcecode.swift; path = AnimalsLoader.swift; sourceTree = "<group>"; };
		C7B7F8941BA78B8800621E1E /* AnimalViewController.swift */ = {isa = PBXFileReference; fileEncoding = 4; lastKnownFileType = sourcecode.swift; path = AnimalViewController.swift; sourceTree = "<group>"; };
		C7B7F8961BA88D6900621E1E /* Animals.json */ = {isa = PBXFileReference; fileEncoding = 4; lastKnownFileType = text.json; path = Animals.json; sourceTree = SOURCE_ROOT; };
		E370D30D1BAB3E15002CBE98 /* TableViewControllerTests.swift */ = {isa = PBXFileReference; fileEncoding = 4; lastKnownFileType = sourcecode.swift; path = TableViewControllerTests.swift; sourceTree = "<group>"; };
		E370D3131BAB4FE2002CBE98 /* URLImageView.swift */ = {isa = PBXFileReference; fileEncoding = 4; lastKnownFileType = sourcecode.swift; path = URLImageView.swift; sourceTree = "<group>"; };
/* End PBXFileReference section */

/* Begin PBXFrameworksBuildPhase section */
		C7B7F8621BA778A200621E1E /* Frameworks */ = {
			isa = PBXFrameworksBuildPhase;
			buildActionMask = 2147483647;
			files = (
			);
			runOnlyForDeploymentPostprocessing = 0;
		};
		C7B7F8761BA778A200621E1E /* Frameworks */ = {
			isa = PBXFrameworksBuildPhase;
			buildActionMask = 2147483647;
			files = (
			);
			runOnlyForDeploymentPostprocessing = 0;
		};
/* End PBXFrameworksBuildPhase section */

/* Begin PBXGroup section */
		C7B7F85C1BA778A200621E1E = {
			isa = PBXGroup;
			children = (
				C7B7F8671BA778A200621E1E /* MySecondApp */,
				C7B7F87C1BA778A200621E1E /* MySecondAppTests */,
				C7B7F8661BA778A200621E1E /* Products */,
			);
			sourceTree = "<group>";
		};
		C7B7F8661BA778A200621E1E /* Products */ = {
			isa = PBXGroup;
			children = (
				C7B7F8651BA778A200621E1E /* MySecondApp.app */,
				C7B7F8791BA778A200621E1E /* MySecondAppTests.xctest */,
			);
			name = Products;
			sourceTree = "<group>";
		};
		C7B7F8671BA778A200621E1E /* MySecondApp */ = {
			isa = PBXGroup;
			children = (
				C7B7F88E1BA77B2300621E1E /* TableViewController.swift */,
				C7B7F8941BA78B8800621E1E /* AnimalViewController.swift */,
				C7B7F8681BA778A200621E1E /* AppDelegate.swift */,
				C7B7F86C1BA778A200621E1E /* Main.storyboard */,
				C7B7F86F1BA778A200621E1E /* Assets.xcassets */,
				C7B7F8711BA778A200621E1E /* LaunchScreen.storyboard */,
				C7B7F8741BA778A200621E1E /* Info.plist */,
				C7B7F8901BA781B600621E1E /* ImaginaryAnimal.swift */,
				C7B7F8921BA7882500621E1E /* AnimalsLoader.swift */,
				C7B7F8961BA88D6900621E1E /* Animals.json */,
				3198A0D01BA9F163001BCA77 /* LoadAnimalOperation.swift */,
				E370D3131BAB4FE2002CBE98 /* URLImageView.swift */,
			);
			path = MySecondApp;
			sourceTree = "<group>";
		};
		C7B7F87C1BA778A200621E1E /* MySecondAppTests */ = {
			isa = PBXGroup;
			children = (
				C7B7F87D1BA778A200621E1E /* MySecondAppTests.swift */,
				C7B7F87F1BA778A200621E1E /* Info.plist */,
				E370D30D1BAB3E15002CBE98 /* TableViewControllerTests.swift */,
			);
			path = MySecondAppTests;
			sourceTree = "<group>";
		};
/* End PBXGroup section */

/* Begin PBXNativeTarget section */
		C7B7F8641BA778A200621E1E /* MySecondApp */ = {
			isa = PBXNativeTarget;
			buildConfigurationList = C7B7F8821BA778A200621E1E /* Build configuration list for PBXNativeTarget "MySecondApp" */;
			buildPhases = (
				C7B7F8611BA778A200621E1E /* Sources */,
				C7B7F8621BA778A200621E1E /* Frameworks */,
				C7B7F8631BA778A200621E1E /* Resources */,
			);
			buildRules = (
			);
			dependencies = (
			);
			name = MySecondApp;
			productName = MySecondApp;
			productReference = C7B7F8651BA778A200621E1E /* MySecondApp.app */;
			productType = "com.apple.product-type.application";
		};
		C7B7F8781BA778A200621E1E /* MySecondAppTests */ = {
			isa = PBXNativeTarget;
			buildConfigurationList = C7B7F8851BA778A200621E1E /* Build configuration list for PBXNativeTarget "MySecondAppTests" */;
			buildPhases = (
				C7B7F8751BA778A200621E1E /* Sources */,
				C7B7F8761BA778A200621E1E /* Frameworks */,
				C7B7F8771BA778A200621E1E /* Resources */,
			);
			buildRules = (
			);
			dependencies = (
				C7B7F87B1BA778A200621E1E /* PBXTargetDependency */,
			);
			name = MySecondAppTests;
			productName = MySecondAppTests;
			productReference = C7B7F8791BA778A200621E1E /* MySecondAppTests.xctest */;
			productType = "com.apple.product-type.bundle.unit-test";
		};
/* End PBXNativeTarget section */

/* Begin PBXProject section */
		C7B7F85D1BA778A200621E1E /* Project object */ = {
			isa = PBXProject;
			attributes = {
				LastSwiftUpdateCheck = 0710;
				LastUpgradeCheck = 0700;
				ORGANIZATIONNAME = Epocrates;
				TargetAttributes = {
					C7B7F8641BA778A200621E1E = {
						CreatedOnToolsVersion = 7.0;
					};
					C7B7F8781BA778A200621E1E = {
						CreatedOnToolsVersion = 7.0;
						TestTargetID = C7B7F8641BA778A200621E1E;
					};
				};
			};
			buildConfigurationList = C7B7F8601BA778A200621E1E /* Build configuration list for PBXProject "MySecondApp" */;
			compatibilityVersion = "Xcode 3.2";
			developmentRegion = English;
			hasScannedForEncodings = 0;
			knownRegions = (
				en,
				Base,
			);
			mainGroup = C7B7F85C1BA778A200621E1E;
			productRefGroup = C7B7F8661BA778A200621E1E /* Products */;
			projectDirPath = "";
			projectRoot = "";
			targets = (
				C7B7F8641BA778A200621E1E /* MySecondApp */,
				C7B7F8781BA778A200621E1E /* MySecondAppTests */,
			);
		};
/* End PBXProject section */

/* Begin PBXResourcesBuildPhase section */
		C7B7F8631BA778A200621E1E /* Resources */ = {
			isa = PBXResourcesBuildPhase;
			buildActionMask = 2147483647;
			files = (
				C7B7F8731BA778A200621E1E /* LaunchScreen.storyboard in Resources */,
				C7B7F8971BA88D6900621E1E /* Animals.json in Resources */,
				C7B7F8701BA778A200621E1E /* Assets.xcassets in Resources */,
				C7B7F86E1BA778A200621E1E /* Main.storyboard in Resources */,
			);
			runOnlyForDeploymentPostprocessing = 0;
		};
		C7B7F8771BA778A200621E1E /* Resources */ = {
			isa = PBXResourcesBuildPhase;
			buildActionMask = 2147483647;
			files = (
			);
			runOnlyForDeploymentPostprocessing = 0;
		};
/* End PBXResourcesBuildPhase section */

/* Begin PBXSourcesBuildPhase section */
		C7B7F8611BA778A200621E1E /* Sources */ = {
			isa = PBXSourcesBuildPhase;
			buildActionMask = 2147483647;
			files = (
				E370D3141BAB4FE2002CBE98 /* URLImageView.swift in Sources */,
				C7B7F8951BA78B8800621E1E /* AnimalViewController.swift in Sources */,
				3198A0D11BA9F163001BCA77 /* LoadAnimalOperation.swift in Sources */,
				C7B7F8691BA778A200621E1E /* AppDelegate.swift in Sources */,
				C7B7F88F1BA77B2300621E1E /* TableViewController.swift in Sources */,
				C7B7F8931BA7882500621E1E /* AnimalsLoader.swift in Sources */,
				C7B7F8911BA781B600621E1E /* ImaginaryAnimal.swift in Sources */,
			);
			runOnlyForDeploymentPostprocessing = 0;
		};
		C7B7F8751BA778A200621E1E /* Sources */ = {
			isa = PBXSourcesBuildPhase;
			buildActionMask = 2147483647;
			files = (
				C7B7F87E1BA778A200621E1E /* MySecondAppTests.swift in Sources */,
				E370D30E1BAB3E15002CBE98 /* TableViewControllerTests.swift in Sources */,
			);
			runOnlyForDeploymentPostprocessing = 0;
		};
/* End PBXSourcesBuildPhase section */

/* Begin PBXTargetDependency section */
		C7B7F87B1BA778A200621E1E /* PBXTargetDependency */ = {
			isa = PBXTargetDependency;
			target = C7B7F8641BA778A200621E1E /* MySecondApp */;
			targetProxy = C7B7F87A1BA778A200621E1E /* PBXContainerItemProxy */;
		};
/* End PBXTargetDependency section */

/* Begin PBXVariantGroup section */
		C7B7F86C1BA778A200621E1E /* Main.storyboard */ = {
			isa = PBXVariantGroup;
			children = (
				C7B7F86D1BA778A200621E1E /* Base */,
			);
			name = Main.storyboard;
			sourceTree = "<group>";
		};
		C7B7F8711BA778A200621E1E /* LaunchScreen.storyboard */ = {
			isa = PBXVariantGroup;
			children = (
				C7B7F8721BA778A200621E1E /* Base */,
			);
			name = LaunchScreen.storyboard;
			sourceTree = "<group>";
		};
/* End PBXVariantGroup section */

/* Begin XCBuildConfiguration section */
		C7B7F8801BA778A200621E1E /* Debug */ = {
			isa = XCBuildConfiguration;
			buildSettings = {
				ALWAYS_SEARCH_USER_PATHS = NO;
				CLANG_CXX_LANGUAGE_STANDARD = "gnu++0x";
				CLANG_CXX_LIBRARY = "libc++";
				CLANG_ENABLE_MODULES = YES;
				CLANG_ENABLE_OBJC_ARC = YES;
				CLANG_WARN_BOOL_CONVERSION = YES;
				CLANG_WARN_CONSTANT_CONVERSION = YES;
				CLANG_WARN_DIRECT_OBJC_ISA_USAGE = YES_ERROR;
				CLANG_WARN_EMPTY_BODY = YES;
				CLANG_WARN_ENUM_CONVERSION = YES;
				CLANG_WARN_INT_CONVERSION = YES;
				CLANG_WARN_OBJC_ROOT_CLASS = YES_ERROR;
				CLANG_WARN_UNREACHABLE_CODE = YES;
				CLANG_WARN__DUPLICATE_METHOD_MATCH = YES;
				"CODE_SIGN_IDENTITY[sdk=iphoneos*]" = "iPhone Developer";
				COPY_PHASE_STRIP = NO;
				DEBUG_INFORMATION_FORMAT = dwarf;
				ENABLE_STRICT_OBJC_MSGSEND = YES;
				ENABLE_TESTABILITY = YES;
				GCC_C_LANGUAGE_STANDARD = gnu99;
				GCC_DYNAMIC_NO_PIC = NO;
				GCC_NO_COMMON_BLOCKS = YES;
				GCC_OPTIMIZATION_LEVEL = 0;
				GCC_PREPROCESSOR_DEFINITIONS = (
					"DEBUG=1",
					"$(inherited)",
				);
				GCC_WARN_64_TO_32_BIT_CONVERSION = YES;
				GCC_WARN_ABOUT_RETURN_TYPE = YES_ERROR;
				GCC_WARN_UNDECLARED_SELECTOR = YES;
				GCC_WARN_UNINITIALIZED_AUTOS = YES_AGGRESSIVE;
				GCC_WARN_UNUSED_FUNCTION = YES;
				GCC_WARN_UNUSED_VARIABLE = YES;
				IPHONEOS_DEPLOYMENT_TARGET = 8.1;
				MTL_ENABLE_DEBUG_INFO = YES;
				ONLY_ACTIVE_ARCH = YES;
				SDKROOT = iphoneos;
				SWIFT_OPTIMIZATION_LEVEL = "-Onone";
			};
			name = Debug;
		};
		C7B7F8811BA778A200621E1E /* Release */ = {
			isa = XCBuildConfiguration;
			buildSettings = {
				ALWAYS_SEARCH_USER_PATHS = NO;
				CLANG_CXX_LANGUAGE_STANDARD = "gnu++0x";
				CLANG_CXX_LIBRARY = "libc++";
				CLANG_ENABLE_MODULES = YES;
				CLANG_ENABLE_OBJC_ARC = YES;
				CLANG_WARN_BOOL_CONVERSION = YES;
				CLANG_WARN_CONSTANT_CONVERSION = YES;
				CLANG_WARN_DIRECT_OBJC_ISA_USAGE = YES_ERROR;
				CLANG_WARN_EMPTY_BODY = YES;
				CLANG_WARN_ENUM_CONVERSION = YES;
				CLANG_WARN_INT_CONVERSION = YES;
				CLANG_WARN_OBJC_ROOT_CLASS = YES_ERROR;
				CLANG_WARN_UNREACHABLE_CODE = YES;
				CLANG_WARN__DUPLICATE_METHOD_MATCH = YES;
				"CODE_SIGN_IDENTITY[sdk=iphoneos*]" = "iPhone Developer";
				COPY_PHASE_STRIP = NO;
				DEBUG_INFORMATION_FORMAT = "dwarf-with-dsym";
				ENABLE_NS_ASSERTIONS = NO;
				ENABLE_STRICT_OBJC_MSGSEND = YES;
				GCC_C_LANGUAGE_STANDARD = gnu99;
				GCC_NO_COMMON_BLOCKS = YES;
				GCC_WARN_64_TO_32_BIT_CONVERSION = YES;
				GCC_WARN_ABOUT_RETURN_TYPE = YES_ERROR;
				GCC_WARN_UNDECLARED_SELECTOR = YES;
				GCC_WARN_UNINITIALIZED_AUTOS = YES_AGGRESSIVE;
				GCC_WARN_UNUSED_FUNCTION = YES;
				GCC_WARN_UNUSED_VARIABLE = YES;
				IPHONEOS_DEPLOYMENT_TARGET = 8.1;
				MTL_ENABLE_DEBUG_INFO = NO;
				SDKROOT = iphoneos;
				VALIDATE_PRODUCT = YES;
			};
			name = Release;
		};
		C7B7F8831BA778A200621E1E /* Debug */ = {
			isa = XCBuildConfiguration;
			buildSettings = {
				ASSETCATALOG_COMPILER_APPICON_NAME = AppIcon;
				INFOPLIST_FILE = MySecondApp/Info.plist;
				LD_RUNPATH_SEARCH_PATHS = "$(inherited) @executable_path/Frameworks";
				PRODUCT_BUNDLE_IDENTIFIER = com.Epocrates.MySecondApp;
				PRODUCT_NAME = "$(TARGET_NAME)";
			};
			name = Debug;
		};
		C7B7F8841BA778A200621E1E /* Release */ = {
			isa = XCBuildConfiguration;
			buildSettings = {
				ASSETCATALOG_COMPILER_APPICON_NAME = AppIcon;
				INFOPLIST_FILE = MySecondApp/Info.plist;
				LD_RUNPATH_SEARCH_PATHS = "$(inherited) @executable_path/Frameworks";
				PRODUCT_BUNDLE_IDENTIFIER = com.Epocrates.MySecondApp;
				PRODUCT_NAME = "$(TARGET_NAME)";
			};
			name = Release;
		};
		C7B7F8861BA778A200621E1E /* Debug */ = {
			isa = XCBuildConfiguration;
			buildSettings = {
				BUNDLE_LOADER = "$(TEST_HOST)";
				INFOPLIST_FILE = MySecondAppTests/Info.plist;
				LD_RUNPATH_SEARCH_PATHS = "$(inherited) @executable_path/Frameworks @loader_path/Frameworks";
				PRODUCT_BUNDLE_IDENTIFIER = com.Epocrates.MySecondAppTests;
				PRODUCT_NAME = "$(TARGET_NAME)";
				TEST_HOST = "$(BUILT_PRODUCTS_DIR)/MySecondApp.app/MySecondApp";
			};
			name = Debug;
		};
		C7B7F8871BA778A200621E1E /* Release */ = {
			isa = XCBuildConfiguration;
			buildSettings = {
				BUNDLE_LOADER = "$(TEST_HOST)";
				INFOPLIST_FILE = MySecondAppTests/Info.plist;
				LD_RUNPATH_SEARCH_PATHS = "$(inherited) @executable_path/Frameworks @loader_path/Frameworks";
				PRODUCT_BUNDLE_IDENTIFIER = com.Epocrates.MySecondAppTests;
				PRODUCT_NAME = "$(TARGET_NAME)";
				TEST_HOST = "$(BUILT_PRODUCTS_DIR)/MySecondApp.app/MySecondApp";
			};
			name = Release;
		};
/* End XCBuildConfiguration section */

/* Begin XCConfigurationList section */
		C7B7F8601BA778A200621E1E /* Build configuration list for PBXProject "MySecondApp" */ = {
			isa = XCConfigurationList;
			buildConfigurations = (
				C7B7F8801BA778A200621E1E /* Debug */,
				C7B7F8811BA778A200621E1E /* Release */,
			);
			defaultConfigurationIsVisible = 0;
			defaultConfigurationName = Release;
		};
		C7B7F8821BA778A200621E1E /* Build configuration list for PBXNativeTarget "MySecondApp" */ = {
			isa = XCConfigurationList;
			buildConfigurations = (
				C7B7F8831BA778A200621E1E /* Debug */,
				C7B7F8841BA778A200621E1E /* Release */,
			);
			defaultConfigurationIsVisible = 0;
			defaultConfigurationName = Release;
		};
		C7B7F8851BA778A200621E1E /* Build configuration list for PBXNativeTarget "MySecondAppTests" */ = {
			isa = XCConfigurationList;
			buildConfigurations = (
				C7B7F8861BA778A200621E1E /* Debug */,
				C7B7F8871BA778A200621E1E /* Release */,
			);
			defaultConfigurationIsVisible = 0;
			defaultConfigurationName = Release;
		};
/* End XCConfigurationList section */
	};
	rootObject = C7B7F85D1BA778A200621E1E /* Project object */;
}
